
Microsoft Visual Studio Solution File, Format Version 12.00
# Visual Studio Version 17
VisualStudioVersion = 17.14.36203.30
MinimumVisualStudioVersion = 10.0.40219.1
Project("{FAE04EC0-301F-11D3-BF4B-00C04F79EFBC}") = "FiyiStackDeskApp", "FiyiStackDeskApp.csproj", "{D4E6BD76-EE3E-47D7-B57D-D83269786257}"
EndProject
Global
	GlobalSection(SolutionConfigurationPlatforms) = preSolution
		Debug|Any CPU = Debug|Any CPU
		Release|Any CPU = Release|Any CPU
	EndGlobalSection
	GlobalSection(ProjectConfigurationPlatforms) = postSolution
		{D4E6BD76-EE3E-47D7-B57D-D83269786257}.Debug|Any CPU.ActiveCfg = Debug|Any CPU
		{D4E6BD76-EE3E-47D7-B57D-D83269786257}.Debug|Any CPU.Build.0 = Debug|Any CPU
		{D4E6BD76-EE3E-47D7-B57D-D83269786257}.Release|Any CPU.ActiveCfg = Release|Any CPU
		{D4E6BD76-EE3E-47D7-B57D-D83269786257}.Release|Any CPU.Build.0 = Release|Any CPU
	EndGlobalSection
	GlobalSection(SolutionProperties) = preSolution
		HideSolutionNode = FALSE
	EndGlobalSection
	GlobalSection(ExtensibilityGlobals) = postSolution
		SolutionGuid = {5A52F303-AF47-4FFA-9CCF-D1FDE3DF2C6B}
	EndGlobalSection
EndGlobal
